
Microsoft Visual Studio Solution File, Format Version 12.00
# Visual Studio Version 17
VisualStudioVersion = 17.7.34031.279
MinimumVisualStudioVersion = 10.0.40219.1
Project("{9A19103F-16F7-4668-BE54-9A1E7A4F7556}") = "Postwoman", "src\Postwoman\Postwoman.csproj", "{DA4F74F9-0A19-4EC4-8211-39906E787847}"
EndProject
Global
	GlobalSection(SolutionConfigurationPlatforms) = preSolution
		Debug|Any CPU = Debug|Any CPU
		Release|Any CPU = Release|Any CPU
	EndGlobalSection
	GlobalSection(ProjectConfigurationPlatforms) = postSolution
		{DA4F74F9-0A19-4EC4-8211-39906E787847}.Debug|Any CPU.ActiveCfg = Debug|Any CPU
		{DA4F74F9-0A19-4EC4-8211-39906E787847}.Debug|Any CPU.Build.0 = Debug|Any CPU
		{DA4F74F9-0A19-4EC4-8211-39906E787847}.Release|Any CPU.ActiveCfg = Release|Any CPU
		{DA4F74F9-0A19-4EC4-8211-39906E787847}.Release|Any CPU.Build.0 = Release|Any CPU
	EndGlobalSection
	GlobalSection(SolutionProperties) = preSolution
		HideSolutionNode = FALSE
	EndGlobalSection
	GlobalSection(ExtensibilityGlobals) = postSolution
		SolutionGuid = {65CFC9F1-A5F0-4E86-9A75-0675A3F7CA20}
	EndGlobalSection
EndGlobal
