
Microsoft Visual Studio Solution File, Format Version 12.00
# Visual Studio Version 17
VisualStudioVersion = 17.7.34031.279
MinimumVisualStudioVersion = 10.0.40219.1
Project("{9A19103F-16F7-4668-BE54-9A1E7A4F7556}") = "Postwoman", "src\Postwoman\Postwoman.csproj", "{DA4F74F9-0A19-4EC4-8211-39906E787847}"
EndProject
Project("{B7DD6F7E-DEF8-4E67-B5B7-07EF123DB6F0}") = "Postwoman.Installer", "src\Postwoman.Installer\Postwoman.Installer.wixproj", "{F98E82BE-0ADA-486F-B240-43B0F70B7C5C}"
EndProject
Global
	GlobalSection(SolutionConfigurationPlatforms) = preSolution
		Debug|Any CPU = Debug|Any CPU
		Debug|ARM64 = Debug|ARM64
		Debug|x64 = Debug|x64
		Debug|x86 = Debug|x86
		Release|Any CPU = Release|Any CPU
		Release|ARM64 = Release|ARM64
		Release|x64 = Release|x64
		Release|x86 = Release|x86
	EndGlobalSection
	GlobalSection(ProjectConfigurationPlatforms) = postSolution
		{DA4F74F9-0A19-4EC4-8211-39906E787847}.Debug|Any CPU.ActiveCfg = Debug|Any CPU
		{DA4F74F9-0A19-4EC4-8211-39906E787847}.Debug|Any CPU.Build.0 = Debug|Any CPU
		{DA4F74F9-0A19-4EC4-8211-39906E787847}.Debug|ARM64.ActiveCfg = Debug|Any CPU
		{DA4F74F9-0A19-4EC4-8211-39906E787847}.Debug|ARM64.Build.0 = Debug|Any CPU
		{DA4F74F9-0A19-4EC4-8211-39906E787847}.Debug|x64.ActiveCfg = Debug|Any CPU
		{DA4F74F9-0A19-4EC4-8211-39906E787847}.Debug|x64.Build.0 = Debug|Any CPU
		{DA4F74F9-0A19-4EC4-8211-39906E787847}.Debug|x86.ActiveCfg = Debug|Any CPU
		{DA4F74F9-0A19-4EC4-8211-39906E787847}.Debug|x86.Build.0 = Debug|Any CPU
		{DA4F74F9-0A19-4EC4-8211-39906E787847}.Release|Any CPU.ActiveCfg = Release|Any CPU
		{DA4F74F9-0A19-4EC4-8211-39906E787847}.Release|Any CPU.Build.0 = Release|Any CPU
		{DA4F74F9-0A19-4EC4-8211-39906E787847}.Release|ARM64.ActiveCfg = Release|Any CPU
		{DA4F74F9-0A19-4EC4-8211-39906E787847}.Release|ARM64.Build.0 = Release|Any CPU
		{DA4F74F9-0A19-4EC4-8211-39906E787847}.Release|x64.ActiveCfg = Release|Any CPU
		{DA4F74F9-0A19-4EC4-8211-39906E787847}.Release|x64.Build.0 = Release|Any CPU
		{DA4F74F9-0A19-4EC4-8211-39906E787847}.Release|x86.ActiveCfg = Release|Any CPU
		{DA4F74F9-0A19-4EC4-8211-39906E787847}.Release|x86.Build.0 = Release|Any CPU
		{F98E82BE-0ADA-486F-B240-43B0F70B7C5C}.Debug|Any CPU.ActiveCfg = Debug|x64
		{F98E82BE-0ADA-486F-B240-43B0F70B7C5C}.Debug|ARM64.ActiveCfg = Debug|ARM64
		{F98E82BE-0ADA-486F-B240-43B0F70B7C5C}.Debug|ARM64.Build.0 = Debug|ARM64
		{F98E82BE-0ADA-486F-B240-43B0F70B7C5C}.Debug|x64.ActiveCfg = Debug|x64
		{F98E82BE-0ADA-486F-B240-43B0F70B7C5C}.Debug|x64.Build.0 = Debug|x64
		{F98E82BE-0ADA-486F-B240-43B0F70B7C5C}.Debug|x86.ActiveCfg = Debug|x86
		{F98E82BE-0ADA-486F-B240-43B0F70B7C5C}.Debug|x86.Build.0 = Debug|x86
		{F98E82BE-0ADA-486F-B240-43B0F70B7C5C}.Release|Any CPU.ActiveCfg = Release|x64
		{F98E82BE-0ADA-486F-B240-43B0F70B7C5C}.Release|ARM64.ActiveCfg = Release|ARM64
		{F98E82BE-0ADA-486F-B240-43B0F70B7C5C}.Release|ARM64.Build.0 = Release|ARM64
		{F98E82BE-0ADA-486F-B240-43B0F70B7C5C}.Release|x64.ActiveCfg = Release|x64
		{F98E82BE-0ADA-486F-B240-43B0F70B7C5C}.Release|x64.Build.0 = Release|x64
		{F98E82BE-0ADA-486F-B240-43B0F70B7C5C}.Release|x86.ActiveCfg = Release|x86
		{F98E82BE-0ADA-486F-B240-43B0F70B7C5C}.Release|x86.Build.0 = Release|x86
	EndGlobalSection
	GlobalSection(SolutionProperties) = preSolution
		HideSolutionNode = FALSE
	EndGlobalSection
	GlobalSection(ExtensibilityGlobals) = postSolution
		SolutionGuid = {65CFC9F1-A5F0-4E86-9A75-0675A3F7CA20}
	EndGlobalSection
EndGlobal
